
Microsoft Visual Studio Solution File, Format Version 12.00
# Visual Studio Version 17
VisualStudioVersion = 17.2.32616.157
MinimumVisualStudioVersion = 10.0.40219.1
Project("{FAE04EC0-301F-11D3-BF4B-00C04F79EFBC}") = "RegApp", "RegApp.csproj", "{547F7A50-72A5-4B5E-B851-C6E5786C1729}"
EndProject
Project("{FAE04EC0-301F-11D3-BF4B-00C04F79EFBC}") = "RegApp.Core", "..\RegApp.Core\RegApp.Core.csproj", "{C1B26BD1-A2A3-43F5-BE67-704B013D011E}"
EndProject
Project("{FAE04EC0-301F-11D3-BF4B-00C04F79EFBC}") = "RegApp.Repository", "..\RegApp.Repository\RegApp.Repository.csproj", "{C301A4B7-7E87-48F9-9B1A-DFB0B279315D}"
EndProject
Global
	GlobalSection(SolutionConfigurationPlatforms) = preSolution
		Debug|Any CPU = Debug|Any CPU
		Release|Any CPU = Release|Any CPU
	EndGlobalSection
	GlobalSection(ProjectConfigurationPlatforms) = postSolution
		{547F7A50-72A5-4B5E-B851-C6E5786C1729}.Debug|Any CPU.ActiveCfg = Debug|Any CPU
		{547F7A50-72A5-4B5E-B851-C6E5786C1729}.Debug|Any CPU.Build.0 = Debug|Any CPU
		{547F7A50-72A5-4B5E-B851-C6E5786C1729}.Release|Any CPU.ActiveCfg = Release|Any CPU
		{547F7A50-72A5-4B5E-B851-C6E5786C1729}.Release|Any CPU.Build.0 = Release|Any CPU
		{C1B26BD1-A2A3-43F5-BE67-704B013D011E}.Debug|Any CPU.ActiveCfg = Debug|Any CPU
		{C1B26BD1-A2A3-43F5-BE67-704B013D011E}.Debug|Any CPU.Build.0 = Debug|Any CPU
		{C1B26BD1-A2A3-43F5-BE67-704B013D011E}.Release|Any CPU.ActiveCfg = Release|Any CPU
		{C1B26BD1-A2A3-43F5-BE67-704B013D011E}.Release|Any CPU.Build.0 = Release|Any CPU
		{C301A4B7-7E87-48F9-9B1A-DFB0B279315D}.Debug|Any CPU.ActiveCfg = Debug|Any CPU
		{C301A4B7-7E87-48F9-9B1A-DFB0B279315D}.Debug|Any CPU.Build.0 = Debug|Any CPU
		{C301A4B7-7E87-48F9-9B1A-DFB0B279315D}.Release|Any CPU.ActiveCfg = Release|Any CPU
		{C301A4B7-7E87-48F9-9B1A-DFB0B279315D}.Release|Any CPU.Build.0 = Release|Any CPU
	EndGlobalSection
	GlobalSection(SolutionProperties) = preSolution
		HideSolutionNode = FALSE
	EndGlobalSection
	GlobalSection(ExtensibilityGlobals) = postSolution
		SolutionGuid = {4050A052-D8C1-4FBD-8CEA-898EECA65854}
	EndGlobalSection
EndGlobal
